
Microsoft Visual Studio Solution File, Format Version 12.00
# Visual Studio 14
VisualStudioVersion = 14.0.23107.0
MinimumVisualStudioVersion = 10.0.40219.1
Project("{FAE04EC0-301F-11D3-BF4B-00C04F79EFBC}") = "Camara.Droid", "Camara\Camara.Droid\Camara.Droid.csproj", "{2FC2DB65-7110-4B91-BE5D-08AD80BA5E04}"
EndProject
Project("{FAE04EC0-301F-11D3-BF4B-00C04F79EFBC}") = "Camara.iOS", "Camara\Camara.iOS\Camara.iOS.csproj", "{97312E4B-59A2-4ECD-816A-60D994856D99}"
EndProject
Project("{FAE04EC0-301F-11D3-BF4B-00C04F79EFBC}") = "Camara.WinPhone", "Camara\Camara.WinPhone\Camara.WinPhone.csproj", "{945A180C-B14B-4173-90A7-97D832827AD3}"
EndProject
Project("{FAE04EC0-301F-11D3-BF4B-00C04F79EFBC}") = "Camara", "Camara\Camara\Camara.csproj", "{A1B79480-BE21-4624-BFCC-3EC8114AE211}"
EndProject
Global
	GlobalSection(SolutionConfigurationPlatforms) = preSolution
		Ad-Hoc|Any CPU = Ad-Hoc|Any CPU
		Ad-Hoc|ARM = Ad-Hoc|ARM
		Ad-Hoc|iPhone = Ad-Hoc|iPhone
		Ad-Hoc|iPhoneSimulator = Ad-Hoc|iPhoneSimulator
		Ad-Hoc|x86 = Ad-Hoc|x86
		AppStore|Any CPU = AppStore|Any CPU
		AppStore|ARM = AppStore|ARM
		AppStore|iPhone = AppStore|iPhone
		AppStore|iPhoneSimulator = AppStore|iPhoneSimulator
		AppStore|x86 = AppStore|x86
		Debug|Any CPU = Debug|Any CPU
		Debug|ARM = Debug|ARM
		Debug|iPhone = Debug|iPhone
		Debug|iPhoneSimulator = Debug|iPhoneSimulator
		Debug|x86 = Debug|x86
		Release|Any CPU = Release|Any CPU
		Release|ARM = Release|ARM
		Release|iPhone = Release|iPhone
		Release|iPhoneSimulator = Release|iPhoneSimulator
		Release|x86 = Release|x86
	EndGlobalSection
	GlobalSection(ProjectConfigurationPlatforms) = postSolution
		{2FC2DB65-7110-4B91-BE5D-08AD80BA5E04}.Ad-Hoc|Any CPU.ActiveCfg = Release|Any CPU
		{2FC2DB65-7110-4B91-BE5D-08AD80BA5E04}.Ad-Hoc|Any CPU.Build.0 = Release|Any CPU
		{2FC2DB65-7110-4B91-BE5D-08AD80BA5E04}.Ad-Hoc|Any CPU.Deploy.0 = Release|Any CPU
		{2FC2DB65-7110-4B91-BE5D-08AD80BA5E04}.Ad-Hoc|ARM.ActiveCfg = Release|Any CPU
		{2FC2DB65-7110-4B91-BE5D-08AD80BA5E04}.Ad-Hoc|ARM.Build.0 = Release|Any CPU
		{2FC2DB65-7110-4B91-BE5D-08AD80BA5E04}.Ad-Hoc|ARM.Deploy.0 = Release|Any CPU
		{2FC2DB65-7110-4B91-BE5D-08AD80BA5E04}.Ad-Hoc|iPhone.ActiveCfg = Release|Any CPU
		{2FC2DB65-7110-4B91-BE5D-08AD80BA5E04}.Ad-Hoc|iPhone.Build.0 = Release|Any CPU
		{2FC2DB65-7110-4B91-BE5D-08AD80BA5E04}.Ad-Hoc|iPhone.Deploy.0 = Release|Any CPU
		{2FC2DB65-7110-4B91-BE5D-08AD80BA5E04}.Ad-Hoc|iPhoneSimulator.ActiveCfg = Release|Any CPU
		{2FC2DB65-7110-4B91-BE5D-08AD80BA5E04}.Ad-Hoc|iPhoneSimulator.Build.0 = Release|Any CPU
		{2FC2DB65-7110-4B91-BE5D-08AD80BA5E04}.Ad-Hoc|iPhoneSimulator.Deploy.0 = Release|Any CPU
		{2FC2DB65-7110-4B91-BE5D-08AD80BA5E04}.Ad-Hoc|x86.ActiveCfg = Release|Any CPU
		{2FC2DB65-7110-4B91-BE5D-08AD80BA5E04}.Ad-Hoc|x86.Build.0 = Release|Any CPU
		{2FC2DB65-7110-4B91-BE5D-08AD80BA5E04}.Ad-Hoc|x86.Deploy.0 = Release|Any CPU
		{2FC2DB65-7110-4B91-BE5D-08AD80BA5E04}.AppStore|Any CPU.ActiveCfg = Release|Any CPU
		{2FC2DB65-7110-4B91-BE5D-08AD80BA5E04}.AppStore|Any CPU.Build.0 = Release|Any CPU
		{2FC2DB65-7110-4B91-BE5D-08AD80BA5E04}.AppStore|Any CPU.Deploy.0 = Release|Any CPU
		{2FC2DB65-7110-4B91-BE5D-08AD80BA5E04}.AppStore|ARM.ActiveCfg = Release|Any CPU
		{2FC2DB65-7110-4B91-BE5D-08AD80BA5E04}.AppStore|ARM.Build.0 = Release|Any CPU
		{2FC2DB65-7110-4B91-BE5D-08AD80BA5E04}.AppStore|ARM.Deploy.0 = Release|Any CPU
		{2FC2DB65-7110-4B91-BE5D-08AD80BA5E04}.AppStore|iPhone.ActiveCfg = Release|Any CPU
		{2FC2DB65-7110-4B91-BE5D-08AD80BA5E04}.AppStore|iPhone.Build.0 = Release|Any CPU
		{2FC2DB65-7110-4B91-BE5D-08AD80BA5E04}.AppStore|iPhone.Deploy.0 = Release|Any CPU
		{2FC2DB65-7110-4B91-BE5D-08AD80BA5E04}.AppStore|iPhoneSimulator.ActiveCfg = Release|Any CPU
		{2FC2DB65-7110-4B91-BE5D-08AD80BA5E04}.AppStore|iPhoneSimulator.Build.0 = Release|Any CPU
		{2FC2DB65-7110-4B91-BE5D-08AD80BA5E04}.AppStore|iPhoneSimulator.Deploy.0 = Release|Any CPU
		{2FC2DB65-7110-4B91-BE5D-08AD80BA5E04}.AppStore|x86.ActiveCfg = Release|Any CPU
		{2FC2DB65-7110-4B91-BE5D-08AD80BA5E04}.AppStore|x86.Build.0 = Release|Any CPU
		{2FC2DB65-7110-4B91-BE5D-08AD80BA5E04}.AppStore|x86.Deploy.0 = Release|Any CPU
		{2FC2DB65-7110-4B91-BE5D-08AD80BA5E04}.Debug|Any CPU.ActiveCfg = Debug|Any CPU
		{2FC2DB65-7110-4B91-BE5D-08AD80BA5E04}.Debug|Any CPU.Build.0 = Debug|Any CPU
		{2FC2DB65-7110-4B91-BE5D-08AD80BA5E04}.Debug|Any CPU.Deploy.0 = Debug|Any CPU
		{2FC2DB65-7110-4B91-BE5D-08AD80BA5E04}.Debug|ARM.ActiveCfg = Debug|Any CPU
		{2FC2DB65-7110-4B91-BE5D-08AD80BA5E04}.Debug|ARM.Build.0 = Debug|Any CPU
		{2FC2DB65-7110-4B91-BE5D-08AD80BA5E04}.Debug|ARM.Deploy.0 = Debug|Any CPU
		{2FC2DB65-7110-4B91-BE5D-08AD80BA5E04}.Debug|iPhone.ActiveCfg = Debug|Any CPU
		{2FC2DB65-7110-4B91-BE5D-08AD80BA5E04}.Debug|iPhone.Build.0 = Debug|Any CPU
		{2FC2DB65-7110-4B91-BE5D-08AD80BA5E04}.Debug|iPhone.Deploy.0 = Debug|Any CPU
		{2FC2DB65-7110-4B91-BE5D-08AD80BA5E04}.Debug|iPhoneSimulator.ActiveCfg = Debug|Any CPU
		{2FC2DB65-7110-4B91-BE5D-08AD80BA5E04}.Debug|iPhoneSimulator.Build.0 = Debug|Any CPU
		{2FC2DB65-7110-4B91-BE5D-08AD80BA5E04}.Debug|iPhoneSimulator.Deploy.0 = Debug|Any CPU
		{2FC2DB65-7110-4B91-BE5D-08AD80BA5E04}.Debug|x86.ActiveCfg = Debug|Any CPU
		{2FC2DB65-7110-4B91-BE5D-08AD80BA5E04}.Debug|x86.Build.0 = Debug|Any CPU
		{2FC2DB65-7110-4B91-BE5D-08AD80BA5E04}.Debug|x86.Deploy.0 = Debug|Any CPU
		{2FC2DB65-7110-4B91-BE5D-08AD80BA5E04}.Release|Any CPU.ActiveCfg = Release|Any CPU
		{2FC2DB65-7110-4B91-BE5D-08AD80BA5E04}.Release|Any CPU.Build.0 = Release|Any CPU
		{2FC2DB65-7110-4B91-BE5D-08AD80BA5E04}.Release|Any CPU.Deploy.0 = Release|Any CPU
		{2FC2DB65-7110-4B91-BE5D-08AD80BA5E04}.Release|ARM.ActiveCfg = Release|Any CPU
		{2FC2DB65-7110-4B91-BE5D-08AD80BA5E04}.Release|ARM.Build.0 = Release|Any CPU
		{2FC2DB65-7110-4B91-BE5D-08AD80BA5E04}.Release|ARM.Deploy.0 = Release|Any CPU
		{2FC2DB65-7110-4B91-BE5D-08AD80BA5E04}.Release|iPhone.ActiveCfg = Release|Any CPU
		{2FC2DB65-7110-4B91-BE5D-08AD80BA5E04}.Release|iPhone.Build.0 = Release|Any CPU
		{2FC2DB65-7110-4B91-BE5D-08AD80BA5E04}.Release|iPhone.Deploy.0 = Release|Any CPU
		{2FC2DB65-7110-4B91-BE5D-08AD80BA5E04}.Release|iPhoneSimulator.ActiveCfg = Release|Any CPU
		{2FC2DB65-7110-4B91-BE5D-08AD80BA5E04}.Release|iPhoneSimulator.Build.0 = Release|Any CPU
		{2FC2DB65-7110-4B91-BE5D-08AD80BA5E04}.Release|iPhoneSimulator.Deploy.0 = Release|Any CPU
		{2FC2DB65-7110-4B91-BE5D-08AD80BA5E04}.Release|x86.ActiveCfg = Release|Any CPU
		{2FC2DB65-7110-4B91-BE5D-08AD80BA5E04}.Release|x86.Build.0 = Release|Any CPU
		{2FC2DB65-7110-4B91-BE5D-08AD80BA5E04}.Release|x86.Deploy.0 = Release|Any CPU
		{97312E4B-59A2-4ECD-816A-60D994856D99}.Ad-Hoc|Any CPU.ActiveCfg = Ad-Hoc|iPhone
		{97312E4B-59A2-4ECD-816A-60D994856D99}.Ad-Hoc|ARM.ActiveCfg = Ad-Hoc|iPhone
		{97312E4B-59A2-4ECD-816A-60D994856D99}.Ad-Hoc|iPhone.ActiveCfg = Ad-Hoc|iPhone
		{97312E4B-59A2-4ECD-816A-60D994856D99}.Ad-Hoc|iPhone.Build.0 = Ad-Hoc|iPhone
		{97312E4B-59A2-4ECD-816A-60D994856D99}.Ad-Hoc|iPhoneSimulator.ActiveCfg = Ad-Hoc|iPhoneSimulator
		{97312E4B-59A2-4ECD-816A-60D994856D99}.Ad-Hoc|iPhoneSimulator.Build.0 = Ad-Hoc|iPhoneSimulator
		{97312E4B-59A2-4ECD-816A-60D994856D99}.Ad-Hoc|x86.ActiveCfg = Ad-Hoc|iPhone
		{97312E4B-59A2-4ECD-816A-60D994856D99}.AppStore|Any CPU.ActiveCfg = AppStore|iPhone
		{97312E4B-59A2-4ECD-816A-60D994856D99}.AppStore|ARM.ActiveCfg = AppStore|iPhone
		{97312E4B-59A2-4ECD-816A-60D994856D99}.AppStore|iPhone.ActiveCfg = AppStore|iPhone
		{97312E4B-59A2-4ECD-816A-60D994856D99}.AppStore|iPhone.Build.0 = AppStore|iPhone
		{97312E4B-59A2-4ECD-816A-60D994856D99}.AppStore|iPhoneSimulator.ActiveCfg = AppStore|iPhoneSimulator
		{97312E4B-59A2-4ECD-816A-60D994856D99}.AppStore|iPhoneSimulator.Build.0 = AppStore|iPhoneSimulator
		{97312E4B-59A2-4ECD-816A-60D994856D99}.AppStore|x86.ActiveCfg = AppStore|iPhone
		{97312E4B-59A2-4ECD-816A-60D994856D99}.Debug|Any CPU.ActiveCfg = Debug|iPhone
		{97312E4B-59A2-4ECD-816A-60D994856D99}.Debug|ARM.ActiveCfg = Debug|iPhone
		{97312E4B-59A2-4ECD-816A-60D994856D99}.Debug|iPhone.ActiveCfg = Debug|iPhone
		{97312E4B-59A2-4ECD-816A-60D994856D99}.Debug|iPhone.Build.0 = Debug|iPhone
		{97312E4B-59A2-4ECD-816A-60D994856D99}.Debug|iPhoneSimulator.ActiveCfg = Debug|iPhoneSimulator
		{97312E4B-59A2-4ECD-816A-60D994856D99}.Debug|iPhoneSimulator.Build.0 = Debug|iPhoneSimulator
		{97312E4B-59A2-4ECD-816A-60D994856D99}.Debug|x86.ActiveCfg = Debug|iPhone
		{97312E4B-59A2-4ECD-816A-60D994856D99}.Release|Any CPU.ActiveCfg = Release|iPhone
		{97312E4B-59A2-4ECD-816A-60D994856D99}.Release|ARM.ActiveCfg = Release|iPhone
		{97312E4B-59A2-4ECD-816A-60D994856D99}.Release|iPhone.ActiveCfg = Release|iPhone
		{97312E4B-59A2-4ECD-816A-60D994856D99}.Release|iPhone.Build.0 = Release|iPhone
		{97312E4B-59A2-4ECD-816A-60D994856D99}.Release|iPhoneSimulator.ActiveCfg = Release|iPhoneSimulator
		{97312E4B-59A2-4ECD-816A-60D994856D99}.Release|iPhoneSimulator.Build.0 = Release|iPhoneSimulator
		{97312E4B-59A2-4ECD-816A-60D994856D99}.Release|x86.ActiveCfg = Release|iPhone
		{945A180C-B14B-4173-90A7-97D832827AD3}.Ad-Hoc|Any CPU.ActiveCfg = Release|Any CPU
		{945A180C-B14B-4173-90A7-97D832827AD3}.Ad-Hoc|Any CPU.Build.0 = Release|Any CPU
		{945A180C-B14B-4173-90A7-97D832827AD3}.Ad-Hoc|Any CPU.Deploy.0 = Release|Any CPU
		{945A180C-B14B-4173-90A7-97D832827AD3}.Ad-Hoc|ARM.ActiveCfg = Release|ARM
		{945A180C-B14B-4173-90A7-97D832827AD3}.Ad-Hoc|ARM.Build.0 = Release|ARM
		{945A180C-B14B-4173-90A7-97D832827AD3}.Ad-Hoc|ARM.Deploy.0 = Release|ARM
		{945A180C-B14B-4173-90A7-97D832827AD3}.Ad-Hoc|iPhone.ActiveCfg = Release|Any CPU
		{945A180C-B14B-4173-90A7-97D832827AD3}.Ad-Hoc|iPhone.Build.0 = Release|Any CPU
		{945A180C-B14B-4173-90A7-97D832827AD3}.Ad-Hoc|iPhone.Deploy.0 = Release|Any CPU
		{945A180C-B14B-4173-90A7-97D832827AD3}.Ad-Hoc|iPhoneSimulator.ActiveCfg = Release|Any CPU
		{945A180C-B14B-4173-90A7-97D832827AD3}.Ad-Hoc|iPhoneSimulator.Build.0 = Release|Any CPU
		{945A180C-B14B-4173-90A7-97D832827AD3}.Ad-Hoc|iPhoneSimulator.Deploy.0 = Release|Any CPU
		{945A180C-B14B-4173-90A7-97D832827AD3}.Ad-Hoc|x86.ActiveCfg = Release|x86
		{945A180C-B14B-4173-90A7-97D832827AD3}.Ad-Hoc|x86.Build.0 = Release|x86
		{945A180C-B14B-4173-90A7-97D832827AD3}.Ad-Hoc|x86.Deploy.0 = Release|x86
		{945A180C-B14B-4173-90A7-97D832827AD3}.AppStore|Any CPU.ActiveCfg = Release|Any CPU
		{945A180C-B14B-4173-90A7-97D832827AD3}.AppStore|Any CPU.Build.0 = Release|Any CPU
		{945A180C-B14B-4173-90A7-97D832827AD3}.AppStore|Any CPU.Deploy.0 = Release|Any CPU
		{945A180C-B14B-4173-90A7-97D832827AD3}.AppStore|ARM.ActiveCfg = Release|ARM
		{945A180C-B14B-4173-90A7-97D832827AD3}.AppStore|ARM.Build.0 = Release|ARM
		{945A180C-B14B-4173-90A7-97D832827AD3}.AppStore|ARM.Deploy.0 = Release|ARM
		{945A180C-B14B-4173-90A7-97D832827AD3}.AppStore|iPhone.ActiveCfg = Release|Any CPU
		{945A180C-B14B-4173-90A7-97D832827AD3}.AppStore|iPhone.Build.0 = Release|Any CPU
		{945A180C-B14B-4173-90A7-97D832827AD3}.AppStore|iPhone.Deploy.0 = Release|Any CPU
		{945A180C-B14B-4173-90A7-97D832827AD3}.AppStore|iPhoneSimulator.ActiveCfg = Release|Any CPU
		{945A180C-B14B-4173-90A7-97D832827AD3}.AppStore|iPhoneSimulator.Build.0 = Release|Any CPU
		{945A180C-B14B-4173-90A7-97D832827AD3}.AppStore|iPhoneSimulator.Deploy.0 = Release|Any CPU
		{945A180C-B14B-4173-90A7-97D832827AD3}.AppStore|x86.ActiveCfg = Release|x86
		{945A180C-B14B-4173-90A7-97D832827AD3}.AppStore|x86.Build.0 = Release|x86
		{945A180C-B14B-4173-90A7-97D832827AD3}.AppStore|x86.Deploy.0 = Release|x86
		{945A180C-B14B-4173-90A7-97D832827AD3}.Debug|Any CPU.ActiveCfg = Debug|Any CPU
		{945A180C-B14B-4173-90A7-97D832827AD3}.Debug|Any CPU.Build.0 = Debug|Any CPU
		{945A180C-B14B-4173-90A7-97D832827AD3}.Debug|Any CPU.Deploy.0 = Debug|Any CPU
		{945A180C-B14B-4173-90A7-97D832827AD3}.Debug|ARM.ActiveCfg = Debug|ARM
		{945A180C-B14B-4173-90A7-97D832827AD3}.Debug|ARM.Build.0 = Debug|ARM
		{945A180C-B14B-4173-90A7-97D832827AD3}.Debug|ARM.Deploy.0 = Debug|ARM
		{945A180C-B14B-4173-90A7-97D832827AD3}.Debug|iPhone.ActiveCfg = Debug|Any CPU
		{945A180C-B14B-4173-90A7-97D832827AD3}.Debug|iPhone.Build.0 = Debug|Any CPU
		{945A180C-B14B-4173-90A7-97D832827AD3}.Debug|iPhone.Deploy.0 = Debug|Any CPU
		{945A180C-B14B-4173-90A7-97D832827AD3}.Debug|iPhoneSimulator.ActiveCfg = Debug|Any CPU
		{945A180C-B14B-4173-90A7-97D832827AD3}.Debug|iPhoneSimulator.Build.0 = Debug|Any CPU
		{945A180C-B14B-4173-90A7-97D832827AD3}.Debug|iPhoneSimulator.Deploy.0 = Debug|Any CPU
		{945A180C-B14B-4173-90A7-97D832827AD3}.Debug|x86.ActiveCfg = Debug|x86
		{945A180C-B14B-4173-90A7-97D832827AD3}.Debug|x86.Build.0 = Debug|x86
		{945A180C-B14B-4173-90A7-97D832827AD3}.Debug|x86.Deploy.0 = Debug|x86
		{945A180C-B14B-4173-90A7-97D832827AD3}.Release|Any CPU.ActiveCfg = Release|Any CPU
		{945A180C-B14B-4173-90A7-97D832827AD3}.Release|Any CPU.Build.0 = Release|Any CPU
		{945A180C-B14B-4173-90A7-97D832827AD3}.Release|Any CPU.Deploy.0 = Release|Any CPU
		{945A180C-B14B-4173-90A7-97D832827AD3}.Release|ARM.ActiveCfg = Release|ARM
		{945A180C-B14B-4173-90A7-97D832827AD3}.Release|ARM.Build.0 = Release|ARM
		{945A180C-B14B-4173-90A7-97D832827AD3}.Release|ARM.Deploy.0 = Release|ARM
		{945A180C-B14B-4173-90A7-97D832827AD3}.Release|iPhone.ActiveCfg = Release|Any CPU
		{945A180C-B14B-4173-90A7-97D832827AD3}.Release|iPhone.Build.0 = Release|Any CPU
		{945A180C-B14B-4173-90A7-97D832827AD3}.Release|iPhone.Deploy.0 = Release|Any CPU
		{945A180C-B14B-4173-90A7-97D832827AD3}.Release|iPhoneSimulator.ActiveCfg = Release|Any CPU
		{945A180C-B14B-4173-90A7-97D832827AD3}.Release|iPhoneSimulator.Build.0 = Release|Any CPU
		{945A180C-B14B-4173-90A7-97D832827AD3}.Release|iPhoneSimulator.Deploy.0 = Release|Any CPU
		{945A180C-B14B-4173-90A7-97D832827AD3}.Release|x86.ActiveCfg = Release|x86
		{945A180C-B14B-4173-90A7-97D832827AD3}.Release|x86.Build.0 = Release|x86
		{945A180C-B14B-4173-90A7-97D832827AD3}.Release|x86.Deploy.0 = Release|x86
		{A1B79480-BE21-4624-BFCC-3EC8114AE211}.Ad-Hoc|Any CPU.ActiveCfg = Release|Any CPU
		{A1B79480-BE21-4624-BFCC-3EC8114AE211}.Ad-Hoc|Any CPU.Build.0 = Release|Any CPU
		{A1B79480-BE21-4624-BFCC-3EC8114AE211}.Ad-Hoc|ARM.ActiveCfg = Release|Any CPU
		{A1B79480-BE21-4624-BFCC-3EC8114AE211}.Ad-Hoc|ARM.Build.0 = Release|Any CPU
		{A1B79480-BE21-4624-BFCC-3EC8114AE211}.Ad-Hoc|iPhone.ActiveCfg = Release|Any CPU
		{A1B79480-BE21-4624-BFCC-3EC8114AE211}.Ad-Hoc|iPhone.Build.0 = Release|Any CPU
		{A1B79480-BE21-4624-BFCC-3EC8114AE211}.Ad-Hoc|iPhoneSimulator.ActiveCfg = Release|Any CPU
		{A1B79480-BE21-4624-BFCC-3EC8114AE211}.Ad-Hoc|iPhoneSimulator.Build.0 = Release|Any CPU
		{A1B79480-BE21-4624-BFCC-3EC8114AE211}.Ad-Hoc|x86.ActiveCfg = Release|Any CPU
		{A1B79480-BE21-4624-BFCC-3EC8114AE211}.Ad-Hoc|x86.Build.0 = Release|Any CPU
		{A1B79480-BE21-4624-BFCC-3EC8114AE211}.AppStore|Any CPU.ActiveCfg = Release|Any CPU
		{A1B79480-BE21-4624-BFCC-3EC8114AE211}.AppStore|Any CPU.Build.0 = Release|Any CPU
		{A1B79480-BE21-4624-BFCC-3EC8114AE211}.AppStore|ARM.ActiveCfg = Release|Any CPU
		{A1B79480-BE21-4624-BFCC-3EC8114AE211}.AppStore|ARM.Build.0 = Release|Any CPU
		{A1B79480-BE21-4624-BFCC-3EC8114AE211}.AppStore|iPhone.ActiveCfg = Release|Any CPU
		{A1B79480-BE21-4624-BFCC-3EC8114AE211}.AppStore|iPhone.Build.0 = Release|Any CPU
		{A1B79480-BE21-4624-BFCC-3EC8114AE211}.AppStore|iPhoneSimulator.ActiveCfg = Release|Any CPU
		{A1B79480-BE21-4624-BFCC-3EC8114AE211}.AppStore|iPhoneSimulator.Build.0 = Release|Any CPU
		{A1B79480-BE21-4624-BFCC-3EC8114AE211}.AppStore|x86.ActiveCfg = Release|Any CPU
		{A1B79480-BE21-4624-BFCC-3EC8114AE211}.AppStore|x86.Build.0 = Release|Any CPU
		{A1B79480-BE21-4624-BFCC-3EC8114AE211}.Debug|Any CPU.ActiveCfg = Debug|Any CPU
		{A1B79480-BE21-4624-BFCC-3EC8114AE211}.Debug|Any CPU.Build.0 = Debug|Any CPU
		{A1B79480-BE21-4624-BFCC-3EC8114AE211}.Debug|ARM.ActiveCfg = Debug|Any CPU
		{A1B79480-BE21-4624-BFCC-3EC8114AE211}.Debug|ARM.Build.0 = Debug|Any CPU
		{A1B79480-BE21-4624-BFCC-3EC8114AE211}.Debug|iPhone.ActiveCfg = Debug|Any CPU
		{A1B79480-BE21-4624-BFCC-3EC8114AE211}.Debug|iPhone.Build.0 = Debug|Any CPU
		{A1B79480-BE21-4624-BFCC-3EC8114AE211}.Debug|iPhoneSimulator.ActiveCfg = Debug|Any CPU
		{A1B79480-BE21-4624-BFCC-3EC8114AE211}.Debug|iPhoneSimulator.Build.0 = Debug|Any CPU
		{A1B79480-BE21-4624-BFCC-3EC8114AE211}.Debug|x86.ActiveCfg = Debug|Any CPU
		{A1B79480-BE21-4624-BFCC-3EC8114AE211}.Debug|x86.Build.0 = Debug|Any CPU
		{A1B79480-BE21-4624-BFCC-3EC8114AE211}.Release|Any CPU.ActiveCfg = Release|Any CPU
		{A1B79480-BE21-4624-BFCC-3EC8114AE211}.Release|Any CPU.Build.0 = Release|Any CPU
		{A1B79480-BE21-4624-BFCC-3EC8114AE211}.Release|ARM.ActiveCfg = Release|Any CPU
		{A1B79480-BE21-4624-BFCC-3EC8114AE211}.Release|ARM.Build.0 = Release|Any CPU
		{A1B79480-BE21-4624-BFCC-3EC8114AE211}.Release|iPhone.ActiveCfg = Release|Any CPU
		{A1B79480-BE21-4624-BFCC-3EC8114AE211}.Release|iPhone.Build.0 = Release|Any CPU
		{A1B79480-BE21-4624-BFCC-3EC8114AE211}.Release|iPhoneSimulator.ActiveCfg = Release|Any CPU
		{A1B79480-BE21-4624-BFCC-3EC8114AE211}.Release|iPhoneSimulator.Build.0 = Release|Any CPU
		{A1B79480-BE21-4624-BFCC-3EC8114AE211}.Release|x86.ActiveCfg = Release|Any CPU
		{A1B79480-BE21-4624-BFCC-3EC8114AE211}.Release|x86.Build.0 = Release|Any CPU
	EndGlobalSection
	GlobalSection(SolutionProperties) = preSolution
		HideSolutionNode = FALSE
	EndGlobalSection
EndGlobal
